{
    "_meta": {
        "hash": {
            "sha256": "b5299729d4015db54c38aba2db5e4fad6b10e697e6f8ab6cb8537afd457c05b2"
        },
        "pipfile-spec": 6,
        "requires": {
            "python_version": "3.6"
        },
        "sources": [
            {
                "name": "pypi",
                "url": "https://pypi.org/simple",
                "verify_ssl": true
            }
        ]
    },
    "default": {
        "backcall": {
            "hashes": [
                "sha256:38ecd85be2c1e78f77fd91700c76e14667dc21e2713b63876c0eb901196e01e4",
                "sha256:bbbf4b1e5cd2bdb08f915895b51081c041bac22394fdfcfdfbe9f14b77c08bf2"
            ],
            "version": "==0.1.0"
        },
        "bleach": {
            "hashes": [
                "sha256:213336e49e102af26d9cde77dd2d0397afabc5a6bf2fed985dc35b5d1e285a16",
                "sha256:3fdf7f77adcf649c9911387df51254b813185e32b2c6619f690b593a617e19fa"
            ],
            "version": "==3.1.0"
        },
        "boto": {
            "hashes": [
                "sha256:147758d41ae7240dc989f0039f27da8ca0d53734be0eb869ef16e3adcfa462e8",
                "sha256:ea0d3b40a2d852767be77ca343b58a9e3a4b00d9db440efb8da74b4e58025e5a"
            ],
            "version": "==2.49.0"
        },
        "boto3": {
            "hashes": [
                "sha256:1f0de2b33bf5c29960d6c55025c5f4af065c7c47e5e02bbb497681b7c34f7724",
                "sha256:669650172e03c0eef3c73216941ba261c6435fd882a19879fdf577f59e563f3a"
            ],
            "version": "==1.9.98"
        },
        "botocore": {
            "hashes": [
                "sha256:ca8c8ba7c05fa3ab3f2167156f4b2ec80e754595c97374250fe0f30a7393e445",
                "sha256:cddac82648b753dad3bfbef04f0296d72fe0f790909a3790b0d57baaece0eaab"
            ],
            "version": "==1.12.98"
        },
        "bz2file": {
            "hashes": [
                "sha256:64c1f811e31556ba9931953c8ec7b397488726c63e09a4c67004f43bdd28da88"
            ],
            "version": "==0.98"
        },
        "certifi": {
            "hashes": [
                "sha256:47f9c83ef4c0c621eaef743f133f09fa8a74a9b75f037e8624f83bd1b6626cb7",
                "sha256:993f830721089fef441cdfeb4b2c8c9df86f0c63239f06bd025a76a7daddb033"
            ],
            "version": "==2018.11.29"
        },
        "chardet": {
            "hashes": [
                "sha256:84ab92ed1c4d4f16916e05906b6b75a6c0fb5db821cc65e70cbd64a3e2a5eaae",
                "sha256:fc323ffcaeaed0e0a02bf4d117757b98aed530d9ed4531e3e15460124c106691"
            ],
            "version": "==3.0.4"
        },
        "cymem": {
            "hashes": [
                "sha256:081c652ae1aff4759813e93a2fc4df4ba410ce214a0e542988e24c62110d4cd0",
                "sha256:0e447fa4cb6dccd0b96257a798370a17bef3ec254a527230058e41816a777c04",
                "sha256:2c8267dcb15cc6ab318f01ceaf16b8440c0386ae44014d5b22fefe5b0398d05c",
                "sha256:46141111eedbb5b0d8c9386b00226a15f5727a1202b9095f4363d425f259267e",
                "sha256:4994c1f3e948bd58a6e38c905221680563b851983a15f1f01e5ff415d560d153",
                "sha256:584872fd3df176e50c90e37aaca6cb731ac0abcdea4f5b8ad77c30674cfaaa99",
                "sha256:6e3194135b21bb268030f3473beb8b674b356c330a9fa185dced2f5006cbd5ba",
                "sha256:71710ee0e946a6bd33c86dd9e71f95ad584c65e8bb02615f00ceb0d8348fb303",
                "sha256:741957f541fb8322de5a8c711d5d58f80d684225d2aec32fec92484cac931a52",
                "sha256:7f01ba6153427811cd7d35630081c69b32c188a1d330599a826ef3bf17edbd7c",
                "sha256:8d96e95902e781950d7c255b19364a1ed50a204843d63dd386b0abc5e6df5e44",
                "sha256:8dd169ece1629ec4db1a592321e3ae0a9bb62fda2052a351fc36871f314c3569",
                "sha256:8e6ad29636edd559b0dfe0a19c5cb5e6257461a5df90839e8c7710ddb005f4b4",
                "sha256:9935b233882732f03fd0fadbeb9e9aa672edcdd126e6d52c36d60adf1def8ea5",
                "sha256:a38b3229782411e4b23240f5f90000c4e7a834af88ed8763c66f8e4603db6b51",
                "sha256:a5966b3171bad9c84a2b19dccda5ab37ae8437c0709a6b72cb42b64ea76a4bd3",
                "sha256:ab88b1534f06df07262d9bc5efb3ba07948cdbe9a363eb9eaa4ad42fae6c7b5e",
                "sha256:b08b0dd7adafbff9f0fd7dc8dcad5f3ce6f23c126c81ad8d1666880cc94e6974",
                "sha256:ba47b571d480c0b76d282ff1634372070031d4998a46ae5d8305d49563b74ca6",
                "sha256:bf049dc9cf0d3aa4a48ba514b7f1699fb6f35b18ad8c6f018bd13e0bccd9d30c",
                "sha256:c46a122c524a3270ac5249f590ac2f75f1a83692a3d3a03479cea49de72a0a89",
                "sha256:c63337aa7e1ad4ec182cc7847c6d85390589fbbf1f9f67d1fde8133a9acb7fa8",
                "sha256:ec51273ea08a2c6389bc4dd6b5183354826d916b149a041f2f274431166191bc"
            ],
            "version": "==2.0.2"
        },
        "cytoolz": {
            "hashes": [
                "sha256:84cc06fa40aa310f2df79dd440fc5f84c3e20f01f9f7783fc9c38d0a11ba00e5"
            ],
            "version": "==0.9.0.1"
        },
        "decorator": {
            "hashes": [
                "sha256:33cd704aea07b4c28b3eb2c97d288a06918275dac0ecebdaf1bc8a48d98adb9e",
                "sha256:cabb249f4710888a2fc0e13e9a16c343d932033718ff62e1e9bc93a9d3a9122b"
            ],
            "version": "==4.3.2"
        },
        "defusedxml": {
            "hashes": [
                "sha256:24d7f2f94f7f3cb6061acb215685e5125fbcdc40a857eff9de22518820b0a4f4",
                "sha256:702a91ade2968a82beb0db1e0766a6a273f33d4616a6ce8cde475d8e09853b20"
            ],
            "version": "==0.5.0"
        },
        "dill": {
            "hashes": [
                "sha256:f6d6046f9f9195206063dd0415dff185ad593d6ee8b0e67f12597c0f4df4986f"
            ],
            "version": "==0.2.9"
        },
        "docutils": {
            "hashes": [
                "sha256:02aec4bd92ab067f6ff27a38a38a41173bf01bed8f89157768c1573f53e474a6",
                "sha256:51e64ef2ebfb29cae1faa133b3710143496eca21c530f3f71424d77687764274",
                "sha256:7a4bd47eaf6596e1295ecb11361139febe29b084a87bf005bf899f9a42edc3c6"
            ],
            "version": "==0.14"
        },
        "entrypoints": {
            "hashes": [
                "sha256:589f874b313739ad35be6e0cd7efde2a4e9b6fea91edcc34e58ecbb8dbe56d19",
                "sha256:c70dd71abe5a8c85e55e12c19bd91ccfeec11a6e99044204511f9ed547d48451"
            ],
            "version": "==0.3"
        },
        "gensim": {
            "hashes": [
                "sha256:02a2063eaf0e47d22002a29ac94f135279ce3a8ee9f878cb5d1608eb662b3b0e",
                "sha256:04a5cf62c9e85b9d7d731a75aac2d69c809859737474da435263e1483e0a2a1b",
                "sha256:09df605d2ca4c547915f046a6aec7354061528b27a496e37bb4c09a7c80c7b0e",
                "sha256:1750251bc6c15c410629c727a4ca0bdc1d354dcb6eb3ac6bf6abdeb748abf022",
                "sha256:22875a91c0be03569a6859424170f0b08eb5ff294b90b838e2b8b4bfd0d31c1d",
                "sha256:30d69907d918ba7eca066ed3ee5be409c7b6e47d18b11256102b5b10c2ec0573",
                "sha256:3685aa0a8bcb479f1623791ba5d88ccdda9335254750eb7ebd05f2811b879470",
                "sha256:370938172157e38c4201aaf7f7d2ccdbee7fb830f821cce3fd4adaf1a1aa8d9f",
                "sha256:403b3f8dc25bf61170e106d880259c293d8a4dcddf22bd4b1e468f3c8d3cbda5",
                "sha256:556ef121b83d9426fad7a658934dab113f774ce717e3aaf5bec43c85875cf82d",
                "sha256:58a31d55c4e0212f9b42cb0d6694f6e51a71ab76f834d43f132933e7fe8d58c8",
                "sha256:76824556d703703c933979b4103d7f7b820c9f304cc3e46b1eccbf187fd1dee5",
                "sha256:7cb98fe25bd147436d8965e747f1f7cb370c10251cef1f945777e7ac34b80e13",
                "sha256:83c635baa9f3091211bdc0fc8888c0ec1ecc6ab8de27ab27c6384e71fc746347",
                "sha256:8cc0e831b0f64aa77961122f781aa4d03fe7676a9067b0b7ff40e9f4a65c0284",
                "sha256:923ced098522431f59122f8457f3837f297bba45d5959866793ec89404a426f1",
                "sha256:9dfd74bce3a1e16af176341b18d51584acd650dcf4fb11852573528485667b07",
                "sha256:ae5f378ead4daacc8e4a35ebfbae9a7cd1607103278c47319176be6e653cfa8e",
                "sha256:b502e0024f4f7e3942b79aac55434eafc6a8d9a0dc15987636aad874b92f45ba",
                "sha256:bbd16c75525638cc01fb5510f2f4148d47b8064fbac858c76420f47837d35859",
                "sha256:c557a43738e7f7bfd1f394f0f92a1da2a72bfa10e24eafa0b4e148da4632aa73",
                "sha256:cca3b4b312e7167a88a11e175e48a9f109d5a66b6d08407956019380a1ff0216",
                "sha256:ed845ac585f724ae1f40fdb517ed8ade822531f9bbcd1be4a599c2e86aff48a8"
            ],
            "index": "pypi",
            "version": "==3.7.1"
        },
        "idna": {
            "hashes": [
                "sha256:c357b3f628cf53ae2c4c05627ecc484553142ca23264e593d327bcde5e9c3407",
                "sha256:ea8b7f6188e6fa117537c3df7da9fc686d485087abf6ac197f9c46432f7e4a3c"
            ],
            "version": "==2.8"
        },
        "ipykernel": {
            "hashes": [
                "sha256:0aeb7ec277ac42cc2b59ae3d08b10909b2ec161dc6908096210527162b53675d",
                "sha256:0fc0bf97920d454102168ec2008620066878848fcfca06c22b669696212e292f"
            ],
            "version": "==5.1.0"
        },
        "ipython": {
            "hashes": [
                "sha256:06de667a9e406924f97781bda22d5d76bfb39762b678762d86a466e63f65dc39",
                "sha256:5d3e020a6b5f29df037555e5c45ab1088d6a7cf3bd84f47e0ba501eeb0c3ec82"
            ],
            "markers": "python_version >= '3.3'",
            "version": "==7.3.0"
        },
        "ipython-genutils": {
            "hashes": [
                "sha256:72dd37233799e619666c9f639a9da83c34013a73e8bbc79a7a6348d93c61fab8",
                "sha256:eb2e116e75ecef9d4d228fdc66af54269afa26ab4463042e33785b887c628ba8"
            ],
            "version": "==0.2.0"
        },
        "ipywidgets": {
            "hashes": [
                "sha256:0f2b5cde9f272cb49d52f3f0889fdd1a7ae1e74f37b48dac35a83152780d2b7b",
                "sha256:a3e224f430163f767047ab9a042fc55adbcab0c24bbe6cf9f306c4f89fdf0ba3"
            ],
            "version": "==7.4.2"
        },
        "jedi": {
            "hashes": [
                "sha256:571702b5bd167911fe9036e5039ba67f820d6502832285cde8c881ab2b2149fd",
                "sha256:c8481b5e59d34a5c7c42e98f6625e633f6ef59353abea6437472c7ec2093f191"
            ],
            "version": "==0.13.2"
        },
        "jinja2": {
            "hashes": [
                "sha256:74c935a1b8bb9a3947c50a54766a969d4846290e1e788ea44c1392163723c3bd",
                "sha256:f84be1bb0040caca4cea721fcbbbbd61f9be9464ca236387158b0feea01914a4"
            ],
            "version": "==2.10"
        },
        "jmespath": {
            "hashes": [
                "sha256:6a81d4c9aa62caf061cb517b4d9ad1dd300374cd4706997aff9cd6aedd61fc64",
                "sha256:f11b4461f425740a1d908e9a3f7365c3d2e569f6ca68a2ff8bc5bcd9676edd63"
            ],
            "version": "==0.9.3"
        },
        "jsonschema": {
            "hashes": [
                "sha256:000e68abd33c972a5248544925a0cae7d1125f9bf6c58280d37546b946769a08",
                "sha256:6ff5f3180870836cae40f06fa10419f557208175f13ad7bc26caa77beb1f6e02"
            ],
            "version": "==2.6.0"
        },
        "jupyter": {
            "hashes": [
                "sha256:3e1f86076bbb7c8c207829390305a2b1fe836d471ed54be66a3b8c41e7f46cc7",
                "sha256:5b290f93b98ffbc21c0c7e749f054b3267782166d72fa5e3ed1ed4eaf34a2b78",
                "sha256:d9dc4b3318f310e34c82951ea5d6683f67bed7def4b259fafbfe4f1beb1d8e5f"
            ],
            "index": "pypi",
            "version": "==1.0.0"
        },
        "jupyter-client": {
            "hashes": [
                "sha256:b5f9cb06105c1d2d30719db5ffb3ea67da60919fb68deaefa583deccd8813551",
                "sha256:c44411eb1463ed77548bc2d5ec0d744c9b81c4a542d9637c7a52824e2121b987"
            ],
            "version": "==5.2.4"
        },
        "jupyter-console": {
            "hashes": [
                "sha256:308ce876354924fb6c540b41d5d6d08acfc946984bf0c97777c1ddcb42e0b2f5",
                "sha256:cc80a97a5c389cbd30252ffb5ce7cefd4b66bde98219edd16bf5cb6f84bb3568"
            ],
            "version": "==6.0.0"
        },
        "jupyter-core": {
            "hashes": [
                "sha256:927d713ffa616ea11972534411544589976b2493fc7e09ad946e010aa7eb9970",
                "sha256:ba70754aa680300306c699790128f6fbd8c306ee5927976cbe48adacf240c0b7"
            ],
            "version": "==4.4.0"
        },
        "markupsafe": {
            "hashes": [
                "sha256:048ef924c1623740e70204aa7143ec592504045ae4429b59c30054cb31e3c432",
                "sha256:130f844e7f5bdd8e9f3f42e7102ef1d49b2e6fdf0d7526df3f87281a532d8c8b",
                "sha256:19f637c2ac5ae9da8bfd98cef74d64b7e1bb8a63038a3505cd182c3fac5eb4d9",
                "sha256:1b8a7a87ad1b92bd887568ce54b23565f3fd7018c4180136e1cf412b405a47af",
                "sha256:1c25694ca680b6919de53a4bb3bdd0602beafc63ff001fea2f2fc16ec3a11834",
                "sha256:1f19ef5d3908110e1e891deefb5586aae1b49a7440db952454b4e281b41620cd",
                "sha256:1fa6058938190ebe8290e5cae6c351e14e7bb44505c4a7624555ce57fbbeba0d",
                "sha256:31cbb1359e8c25f9f48e156e59e2eaad51cd5242c05ed18a8de6dbe85184e4b7",
                "sha256:3e835d8841ae7863f64e40e19477f7eb398674da6a47f09871673742531e6f4b",
                "sha256:4e97332c9ce444b0c2c38dd22ddc61c743eb208d916e4265a2a3b575bdccb1d3",
                "sha256:525396ee324ee2da82919f2ee9c9e73b012f23e7640131dd1b53a90206a0f09c",
                "sha256:52b07fbc32032c21ad4ab060fec137b76eb804c4b9a1c7c7dc562549306afad2",
                "sha256:52ccb45e77a1085ec5461cde794e1aa037df79f473cbc69b974e73940655c8d7",
                "sha256:5c3fbebd7de20ce93103cb3183b47671f2885307df4a17a0ad56a1dd51273d36",
                "sha256:5e5851969aea17660e55f6a3be00037a25b96a9b44d2083651812c99d53b14d1",
                "sha256:5edfa27b2d3eefa2210fb2f5d539fbed81722b49f083b2c6566455eb7422fd7e",
                "sha256:7d263e5770efddf465a9e31b78362d84d015cc894ca2c131901a4445eaa61ee1",
                "sha256:83381342bfc22b3c8c06f2dd93a505413888694302de25add756254beee8449c",
                "sha256:857eebb2c1dc60e4219ec8e98dfa19553dae33608237e107db9c6078b1167856",
                "sha256:98e439297f78fca3a6169fd330fbe88d78b3bb72f967ad9961bcac0d7fdd1550",
                "sha256:bf54103892a83c64db58125b3f2a43df6d2cb2d28889f14c78519394feb41492",
                "sha256:d9ac82be533394d341b41d78aca7ed0e0f4ba5a2231602e2f05aa87f25c51672",
                "sha256:e982fe07ede9fada6ff6705af70514a52beb1b2c3d25d4e873e82114cf3c5401",
                "sha256:edce2ea7f3dfc981c4ddc97add8a61381d9642dc3273737e756517cc03e84dd6",
                "sha256:efdc45ef1afc238db84cb4963aa689c0408912a0239b0721cb172b4016eb31d6",
                "sha256:f137c02498f8b935892d5c0172560d7ab54bc45039de8805075e19079c639a9c",
                "sha256:f82e347a72f955b7017a39708a3667f106e6ad4d10b25f237396a7115d8ed5fd",
                "sha256:fb7c206e01ad85ce57feeaaa0bf784b97fa3cad0d4a5737bc5295785f5c613a1"
            ],
            "version": "==1.1.0"
        },
        "mistune": {
            "hashes": [
                "sha256:59a3429db53c50b5c6bcc8a07f8848cb00d7dc8bdb431a4ab41920d201d4756e",
                "sha256:88a1051873018da288eee8538d476dffe1262495144b33ecb586c4ab266bb8d4"
            ],
            "version": "==0.8.4"
        },
        "msgpack": {
            "hashes": [
                "sha256:0b3b1773d2693c70598585a34ca2715873ba899565f0a7c9a1545baef7e7fbdc",
                "sha256:0bae5d1538c5c6a75642f75a1781f3ac2275d744a92af1a453c150da3446138b",
                "sha256:0ee8c8c85aa651be3aa0cd005b5931769eaa658c948ce79428766f1bd46ae2c3",
                "sha256:1369f9edba9500c7a6489b70fdfac773e925342f4531f1e3d4c20ac3173b1ae0",
                "sha256:22d9c929d1d539f37da3d1b0e16270fa9d46107beab8c0d4d2bddffffe895cee",
                "sha256:2ff43e3247a1e11d544017bb26f580a68306cec7a6257d8818893c1fda665f42",
                "sha256:31a98047355d34d047fcdb55b09cb19f633cf214c705a765bd745456c142130c",
                "sha256:8767eb0032732c3a0da92cbec5ac186ef89a3258c6edca09161472ca0206c45f",
                "sha256:8acc8910218555044e23826980b950e96685dc48124a290c86f6f41a296ea172",
                "sha256:ab189a6365be1860a5ecf8159c248f12d33f79ea799ae9695fa6a29896dcf1d4",
                "sha256:cfd6535feb0f1cf1c7cdb25773e965cc9f92928244a8c3ef6f8f8a8e1f7ae5c4",
                "sha256:e274cd4480d8c76ec467a85a9c6635bbf2258f0649040560382ab58cabb44bcf",
                "sha256:f86642d60dca13e93260187d56c2bef2487aa4d574a669e8ceefcf9f4c26fd00",
                "sha256:f8a57cbda46a94ed0db55b73e6ab0c15e78b4ede8690fa491a0e55128d552bb0",
                "sha256:fcea97a352416afcbccd7af9625159d80704a25c519c251c734527329bb20d0e"
            ],
            "version": "==0.5.6"
        },
        "msgpack-numpy": {
            "hashes": [
                "sha256:0a8256ffcbee7fef50eff89a452e8873089e03d0bf88d83af87023ac71fdcf68",
                "sha256:7253c389db3d858101bc38272c2f14936f5760e889cccf0d5683375327b6915d"
            ],
            "version": "==0.4.3.2"
        },
        "murmurhash": {
            "hashes": [
                "sha256:27b908fe4bdb426f4e4e4a8821acbe0302915b2945e035ec9d8ca513e2a74b1f",
                "sha256:33405103fa8cde15d72ee525a03d5cfe2c7e4901133819754810986e29627d68",
                "sha256:386a9eed3cb27cb2cd4394b6521275ba04552642c2d9cab5c9fb42aa5a3325c0",
                "sha256:3af36a0dc9f13f6892d9b8b39a6a3ccf216cae5bce38adc7c2d145677987772f",
                "sha256:717196a04cdc80cc3103a3da17b2415a8a5e1d0d578b7079259386bf153b3258",
                "sha256:8a4ed95cd3456b43ea301679c7c39ade43fc18b844b37d0ba0ac0d6acbff8e0c",
                "sha256:a6c071b4b498bcea16a8dc8590cad81fa8d43821f34c74bc00f96499e2527073",
                "sha256:b0afe329701b59d02e56bc6cee7325af83e3fee9c299c615fc1df3202b4f886f",
                "sha256:ba766343bdbcb928039b8fff609e80ae7a5fd5ed7a4fc5af822224b63e0cbaff",
                "sha256:bf33490514d308bcc27ed240cb3eb114f1ec31af031535cd8f27659a7049bd52",
                "sha256:c7a646f6b07b033642b4f52ae2e45efd8b80780b3b90e8092a0cec935fbf81e2",
                "sha256:d696c394ebd164ca80b5871e2e9ad2f9fdbb81bd3c552c1d5f1e8ee694e6204a",
                "sha256:fe344face8d30a5a6aa26e5acf288aa2a8f0f32e05efdda3d314b4bf289ec2af"
            ],
            "version": "==1.0.2"
        },
        "nbconvert": {
            "hashes": [
                "sha256:302554a2e219bc0fc84f3edd3e79953f3767b46ab67626fdec16e38ba3f7efe4",
                "sha256:5de8fb2284422272a1d45abc77c07b888127550a6d602ce619592a2b08a474ff"
            ],
            "version": "==5.4.1"
        },
        "nbformat": {
            "hashes": [
                "sha256:b9a0dbdbd45bb034f4f8893cafd6f652ea08c8c1674ba83f2dc55d3955743b0b",
                "sha256:f7494ef0df60766b7cabe0a3651556345a963b74dbc16bc7c18479041170d402"
            ],
            "version": "==4.4.0"
        },
        "notebook": {
            "hashes": [
                "sha256:3ab2db8bc10e6edbd264c3c4b800bee276c99818386ee0c146d98d7e6bcf0a67",
                "sha256:d908673a4010787625c8952e91a22adf737db031f2aa0793ad92f6558918a74a"
            ],
            "version": "==5.7.4"
        },
        "numpy": {
            "hashes": [
                "sha256:0cdbbaa30ae69281b18dd995d3079c4e552ad6d5426977f66b9a2a95f11f552a",
                "sha256:2b0cca1049bd39d1879fa4d598624cafe82d35529c72de1b3d528d68031cdd95",
                "sha256:31d3fe5b673e99d33d70cfee2ea8fe8dccd60f265c3ed990873a88647e3dd288",
                "sha256:34dd4922aab246c39bf5df03ca653d6265e65971deca6784c956bf356bca6197",
                "sha256:384e2dfa03da7c8d54f8f934f61b6a5e4e1ebb56a65b287567629d6c14578003",
                "sha256:392e2ea22b41a22c0289a88053204b616181288162ba78e6823e1760309d5277",
                "sha256:4341a39fc085f31a583be505eabf00e17c619b469fef78dc7e8241385bfddaa4",
                "sha256:45080f065dcaa573ebecbfe13cdd86e8c0a68c4e999aa06bd365374ea7137706",
                "sha256:485cb1eb4c9962f4cd042fed9424482ec1d83fee5dc2ef3f2552ac47852cb259",
                "sha256:575cefd28d3e0da85b0864506ae26b06483ee4a906e308be5a7ad11083f9d757",
                "sha256:62784b35df7de7ca4d0d81c5b6af5983f48c5cdef32fc3635b445674e56e3266",
                "sha256:69c152f7c11bf3b4fc11bc4cc62eb0334371c0db6844ebace43b7c815b602805",
                "sha256:6ccfdcefd287f252cf1ea7a3f1656070da330c4a5658e43ad223269165cdf977",
                "sha256:7298fbd73c0b3eff1d53dc9b9bdb7add8797bb55eeee38c8ccd7906755ba28af",
                "sha256:79463d918d1bf3aeb9186e3df17ddb0baca443f41371df422f99ee94f4f2bbfe",
                "sha256:8bbee788d82c0ac656536de70e817af09b7694f5326b0ef08e5c1014fcb96bb3",
                "sha256:a863957192855c4c57f60a75a1ac06ce5362ad18506d362dd807e194b4baf3ce",
                "sha256:ae602ba425fb2b074e16d125cdce4f0194903da935b2e7fe284ebecca6d92e76",
                "sha256:b13faa258b20fa66d29011f99fdf498641ca74a0a6d9266bc27d83c70fea4a6a",
                "sha256:c2c39d69266621dd7464e2bb740d6eb5abc64ddc339cc97aa669f3bb4d75c103",
                "sha256:e9c88f173d31909d881a60f08a8494e63f1aff2a4052476b24d4f50e82c47e24",
                "sha256:f1a29267ac29fff0913de0f11f3a9edfcd3f39595f467026c29376fad243ebe3",
                "sha256:f69dde0c5a137d887676a8129373e44366055cf19d1b434e853310c7a1e68f93"
            ],
            "version": "==1.16.1"
        },
        "pandocfilters": {
            "hashes": [
                "sha256:b3dd70e169bb5449e6bc6ff96aea89c5eea8c5f6ab5e207fc2f521a2cf4a0da9"
            ],
            "version": "==1.4.2"
        },
        "parso": {
            "hashes": [
                "sha256:4580328ae3f548b358f4901e38c0578229186835f0fa0846e47369796dd5bcc9",
                "sha256:68406ebd7eafe17f8e40e15a84b56848eccbf27d7c1feb89e93d8fca395706db"
            ],
            "version": "==0.3.4"
        },
        "pexpect": {
            "hashes": [
                "sha256:2a8e88259839571d1251d278476f3eec5db26deb73a70be5ed5dc5435e418aba",
                "sha256:3fbd41d4caf27fa4a377bfd16fef87271099463e6fa73e92a52f92dfee5d425b"
            ],
            "markers": "sys_platform != 'win32'",
            "version": "==4.6.0"
        },
        "pickleshare": {
            "hashes": [
                "sha256:87683d47965c1da65cdacaf31c8441d12b8044cdec9aca500cd78fc2c683afca",
                "sha256:9649af414d74d4df115d5d718f82acb59c9d418196b7b4290ed47a12ce62df56"
            ],
            "version": "==0.7.5"
        },
        "plac": {
            "hashes": [
                "sha256:854693ad90367e8267112ffbb8955f57d6fdeac3191791dc9ffce80f87fd2370",
                "sha256:ba3f719a018175f0a15a6b04e6cc79c25fd563d348aacd320c3644d2a9baf89b"
            ],
            "version": "==0.9.6"
        },
        "preshed": {
            "hashes": [
                "sha256:0c9af79c7b825793f987d477627efb81afd23384ac791bebbc88a257342a77ab",
                "sha256:0ebc79431154bc5d12f97b3c93bc350af941702a44f0761dfcd395e970d693f8",
                "sha256:102e71dc841c979b2ece44ab05b2b0aa39c8039493ddac40dd22cf23e2484063",
                "sha256:15145b24eded01426544be829a6395d6c99e2d62f5f3b88a6e19087ebeef7237",
                "sha256:195674dfb4bcf18b26e448feaabdf61adcf028ae69ecaa075c0bdfaf62a19671",
                "sha256:38f7fbef59f89d3b2c8c3b102f9a7360cd73a33c829fdeb101c615b18ecc4686",
                "sha256:3aa411233dc230247ea4c4558062e5b2d59d41c697107a45fddbfe03e63f3e77",
                "sha256:3b8c7b607e6dce0843544cfe4f05355db0516fce8eca0c37d6b5f4f3680493bf",
                "sha256:4bda4153d46a603bc6ea65380dfa091d46700f664cb906c7f26a469be6c2a503",
                "sha256:541d7ed765d67512d6f9fa24fd01cc1d7a51c7ff2646362924f4db46813b485a",
                "sha256:593d23b9f851ae7a4d519ca4489dd2b352d833e08f5d35795d42a591b8badb54",
                "sha256:7f6fb8f4108abe958af892847ed50abe6f45aaf45a87853cc8154a7203e75d84",
                "sha256:7ff7f18af1f19ea666ac4fbf48842e6acd900fbfdc26bb9aad02f353ff932386",
                "sha256:9c0d503d8693bf1e08e0fa1cecbcd3253146abaa9a7501d7d583a72edd29fdd1",
                "sha256:9cefe818a97134c0ddf22ef76fced1c841ebd137c2895251c5d1310276c234b5",
                "sha256:9e603916a95dc524081d54c0a135611e6f68d787185d5df2b5ab3f076c3d1bd4",
                "sha256:a2acacceac79aa6d4b65125e20c7de78fbca1340a251854c87967acef1795490",
                "sha256:a3d592e7b265b4faf08c9b4d7493b9e8604e0ba8858cc9bd8c9aee41d3df2a3a",
                "sha256:b2030e68c6f539e6dd7bfcea032940042739ef05d50a2eb1d7af24e038971b0f",
                "sha256:bc894dc14d8567a5d6a1cded0a701da7fbb360b2124237fe8acde85333825aef",
                "sha256:c21d4d10cc0248ba3facbbbfbe63211ce921478a3d5db6de34de39ee1b3484e1",
                "sha256:dae01c74313965c487e0ec839e5f28d0c7df9bfd1d978aa5bada3f72ff20a9e5",
                "sha256:ee8068035684a4b382bebb3a3f270799360545baff9742b85e627a0a889e6850"
            ],
            "version": "==2.0.1"
        },
        "prometheus-client": {
            "hashes": [
                "sha256:1b38b958750f66f208bcd9ab92a633c0c994d8859c831f7abc1f46724fcee490"
            ],
            "version": "==0.6.0"
        },
        "prompt-toolkit": {
            "hashes": [
                "sha256:11adf3389a996a6d45cc277580d0d53e8a5afd281d0c9ec71b28e6f121463780",
                "sha256:2519ad1d8038fd5fc8e770362237ad0364d16a7650fb5724af6997ed5515e3c1",
                "sha256:977c6583ae813a37dc1c2e1b715892461fcbdaa57f6fc62f33a528c4886c8f55"
            ],
            "version": "==2.0.9"
        },
        "ptyprocess": {
            "hashes": [
                "sha256:923f299cc5ad920c68f2bc0bc98b75b9f838b93b599941a6b63ddbc2476394c0",
                "sha256:d7cc528d76e76342423ca640335bd3633420dc1366f258cb31d05e865ef5ca1f"
            ],
            "markers": "os_name != 'nt'",
            "version": "==0.6.0"
        },
        "pygments": {
            "hashes": [
                "sha256:5ffada19f6203563680669ee7f53b64dabbeb100eb51b61996085e99c03b284a",
                "sha256:e8218dd399a61674745138520d0d4cf2621d7e032439341bc3f647bff125818d"
            ],
            "version": "==2.3.1"
        },
        "python-dateutil": {
            "hashes": [
                "sha256:7e6584c74aeed623791615e26efd690f29817a27c73085b78e4bad02493df2fb",
                "sha256:c89805f6f4d64db21ed966fda138f8a5ed7a4fdbc1a8ee329ce1b74e3c74da9e"
            ],
            "markers": "python_version >= '2.7'",
            "version": "==2.8.0"
        },
        "pyzmq": {
            "hashes": [
                "sha256:07a03450418694fb07e76a0191b6bc9f411afc8e364ca2062edcf28bb0e51c63",
                "sha256:15f0bf7cd80020f165635595e197603aedb37fddf4164ad5ae226afc43242f7b",
                "sha256:1756dc72e192c670490e38c788c3a35f901adc74ee436e5131d5a3e85fdd7dc6",
                "sha256:1d1eb490da54679d724b08ef3ee04530849023670c4ba7e400ed2cdf906720c4",
                "sha256:228402625796821f08706f58cc42a3c51c9897d723550babaefe4feec2b6dacc",
                "sha256:264ac9dcee6a7af2bce4b61f2d19e5926118a5caa629b50f107ef6318670a364",
                "sha256:2b5a43da65f5dec857184d5c2ce13b80071019e96358f146bdecff7238765bc9",
                "sha256:3928534fa00a2aabfcfdb439c08ba37fbe99ab0cf57776c8db8d2b73a51693ba",
                "sha256:3d2a295b1086d450981f73d3561ac204a0cc9c8ded386a4a34327d918f3b1d0a",
                "sha256:411def5b4cbe6111856040a55c8048df113882e90c57ce88de4a48f0189441ac",
                "sha256:4b77e96a7ffc1c5e08eaf274db554f227b31717d086adca1bb42b12ef35a7194",
                "sha256:4c87fa3e449e1f4ab9170cdfe8213dc0ba34a11b160e6adecafa892e451a29b6",
                "sha256:4fd8621a309db6ec23ef1369f43cdf7a9b0dc217d8ff9ca4095a6e932b379bda",
                "sha256:54fe55a1694ffe608c8e4c5183e83cab7a91f3e5c84bd6f188868d6676c12aba",
                "sha256:60acabd86808a16a895a247fd2bf7a127284a33562d79687bb5df163cff068b2",
                "sha256:618887be4ad754228c0cbba7631f6574608b4430fe93974e6322324f1304fdac",
                "sha256:69130efb6efa936de601cb135a8a4eec1caccd4ea2b784237145ff4075c2d3ae",
                "sha256:6e7f78eeac82140bde7e60e975c6e6b1b678a4dd377782ab63319c1c78bf3aa1",
                "sha256:6ee760cdb84e43574da6b3f2f1fc1251e8acf87253900d28a06451c5f5de39e9",
                "sha256:75c87f1dc1e65cea4b709f2ebc78fa18d4b475e41463502aec9cd26208b88e0f",
                "sha256:97cb1b7cd2c46e87b0a26651eccd2bbb8c758035efd1635ebb81ac36aa76a88c",
                "sha256:abfa774dbadacc849121ed92eae05189d226daab583388b499472e1bbb17ef69",
                "sha256:ae3d2627d74195ddc95675f2f814aca998381b73dc4341b9e10e3e191e1bdb0b",
                "sha256:b30c339eb58355f51f4f54dd61d785f1ff58c86bca1c3a5916977631d121867b",
                "sha256:cbabdced5b137cd56aa22633f13ac5690029a0ad43ab6c05f53206e489178362"
            ],
            "version": "==18.0.0"
        },
        "qtconsole": {
            "hashes": [
                "sha256:1ac4a65e81a27b0838330a6d351c2f8435d4013d98a95373e8a41119b2968390",
                "sha256:bc1ba15f50c29ed50f1268ad823bb6543be263c18dd093b80495e9df63b003ac"
            ],
            "version": "==4.4.3"
        },
        "regex": {
            "hashes": [
                "sha256:079c656874ba6c2e3332df488d4eff33b94b4e260e3901dce1553cb4f1f36c73",
                "sha256:139678fc013b75e486e580c39b4c52d085ed7362e400960f8be1711a414f16b5",
                "sha256:26795107acb81bb07ef832832548834b03846eb046e5ba9a5917ee012c68c1e6",
                "sha256:28a542117efd479cff110711c28f34cb40636f670d427dc42710b5183fbd92c4",
                "sha256:3e2609e0e366b21c3db3d41159d99e7bd37e02caaba24bba77ec5cc594c62c4e",
                "sha256:45fed2f98e5ca0fc420ff31cbd9eccbee41e4d607569fddaba0faea36ef6043d",
                "sha256:47230e1af3479810b1ef2bf23768b5195588a03eea6248b678d6893c48f58082",
                "sha256:51306abdaac9e712b208066d284ddc7e3a332c77ad6054ba8d305d607609a328",
                "sha256:5f15a27c24ed4ad2ed492abe80ddf27d35d63ef6c0d8878c915de6bf9f36c6f3",
                "sha256:660990e223ef2f71cb78b4e106a9a023652a31fd305051a901b0f87171b69e24",
                "sha256:67025161b70b0625749b1b89200da59fecc2fda9d1e46f9ef588f9a4af9fc48f",
                "sha256:801e054c1aa163545d29e186a1bea779437a19b49c4da9e11049624c2d2bfd31",
                "sha256:93064faef899911a7378443fcfb1f2e93e19706a324162fc71dd996c85b24f37",
                "sha256:9c4b23f8a68470522a0cdfbdcffbe2f61d7659b5d505cb7c1a729a6805345210",
                "sha256:c1ef8f72944bef49261daaa83c7d77439f54f8deefefc0e2cf7144ac8b20ac1f"
            ],
            "version": "==2018.1.10"
        },
        "requests": {
            "hashes": [
                "sha256:502a824f31acdacb3a35b6690b5fbf0bc41d63a24a45c4004352b0242707598e",
                "sha256:7bf2a778576d825600030a110f3c0e3e8edc51dfaafe1c146e39a2027784957b"
            ],
            "version": "==2.21.0"
        },
        "s3transfer": {
            "hashes": [
                "sha256:7b9ad3213bff7d357f888e0fab5101b56fa1a0548ee77d121c3a3dbfbef4cb2e",
                "sha256:f23d5cb7d862b104401d9021fc82e5fa0e0cf57b7660a1331425aab0c691d021"
            ],
            "version": "==0.2.0"
        },
        "scikit-learn": {
            "hashes": [
                "sha256:05d061606657af85365b5f71484e3362d924429edde17a90068960843ad597f5",
                "sha256:071317afbb5c67fa493635376ddd724b414290255cbf6947c1155846956e93f7",
                "sha256:0d03aaf19a25e59edac3099cda6879ba05129f0fa1e152e23b728ccd36104f57",
                "sha256:1665ea0d4b75ef24f5f2a9d1527b7296eeabcbe3a1329791c954541e2ebde5a2",
                "sha256:24eccb0ff31f84e88e00936c09197735ef1dcabd370aacb10e55dbc8ee464a78",
                "sha256:27b48cabacce677a205e6bcda1f32bdc968fbf40cd2aa0a4f52852f6997fce51",
                "sha256:2c51826b9daa87d7d356bebd39f8665f7c32e90e3b21cbe853d6c7f0d6b0d23b",
                "sha256:3116299d392bd1d054655fa2a740e7854de87f1d573fa85503e64494e52ac795",
                "sha256:3771861abe1fd1b2bbeaec7ba8cfca58fdedd75d790f099960e5332af9d1ff7a",
                "sha256:473ba7d9a5eaec47909ee83d74b4a3be47a44505c5189d2cab67c0418cd030f1",
                "sha256:621e2c91f9afde06e9295d128cb15cb6fc77dc00719393e9ec9d47119895b0d4",
                "sha256:645865462c383e5faad473b93145a8aee97d839c9ad1fd7a17ae54ec8256d42b",
                "sha256:80e2276d4869d302e84b7c03b5bac4a67f6cd331162e62ae775a3e5855441a60",
                "sha256:84d2cfe0dee3c22b26364266d69850e0eb406d99714045929875032f91d3c918",
                "sha256:87ea9ace7fe811638dfc39b850b60887509b8bfc93c4006d5552fa066d04ddc7",
                "sha256:a4d1e535c75881f668010e6e53dfeb89dd50db85b05c5c45af1991c8b832d757",
                "sha256:a4f14c4327d2e44567bfb3a0bee8c55470f820bc9a67af3faf200abd8ed79bf2",
                "sha256:a7b3c24e193e8c6eaeac075b5d0bb0a7fea478aa2e4b991f6a7b030fc4fd410d",
                "sha256:ab2919aca84f1ac6ef60a482148eec0944364ab1832e63f28679b16f9ef279c8",
                "sha256:b0f79d5ff74f3c68a4198ad5b4dfa891326b5ce272dd064d11d572b25aae5b43",
                "sha256:bc5bc7c7ee2572a1edcb51698a6caf11fae554194aaab9a38105d9ec419f29e6",
                "sha256:bc5c750d548795def79576533f8f0f065915f17f48d6e443afce2a111f713747",
                "sha256:c68969c30b3b2c1fe07c1376110928eade61da4fc29c24c9f1a89435a7d08abe",
                "sha256:d3b4f791d2645fe936579d61f1ff9b5dcf0c8f50db7f0245ca8f16407d7a5a46",
                "sha256:dac0cd9fdd8ac6dd6108a10558e2e0ca1b411b8ea0a3165641f9ab0b4322df4e",
                "sha256:eb7ddbdf33eb822fdc916819b0ab7009d954eb43c3a78e7dd2ec5455e074922a",
                "sha256:ed537844348402ed53420187b3a6948c576986d0b2811a987a49613b6a26f29e",
                "sha256:fcca54733e692fe03b8584f7d4b9344f4b6e3a74f5b326c6e5f5e9d2504bdce7"
            ],
            "index": "pypi",
            "version": "==0.20.2"
        },
        "scipy": {
            "hashes": [
                "sha256:014cb900c003b5ac81a53f2403294e8ecf37aedc315b59a6b9370dce0aa7627a",
                "sha256:281a34da34a5e0de42d26aed692ab710141cad9d5d218b20643a9cb538ace976",
                "sha256:588f9cc4bfab04c45fbd19c1354b5ade377a8124d6151d511c83730a9b6b2338",
                "sha256:5a10661accd36b6e2e8855addcf3d675d6222006a15795420a39c040362def66",
                "sha256:628f60be272512ca1123524969649a8cb5ae8b31cca349f7c6f8903daf9034d7",
                "sha256:6dcc43a88e25b815c2dea1c6fac7339779fc988f5df8396e1de01610604a7c38",
                "sha256:70e37cec0ac0fe95c85b74ca4e0620169590fd5d3f44765f3c3a532cedb0e5fd",
                "sha256:7274735fb6fb5d67d3789ddec2cd53ed6362539b41aa6cc0d33a06c003aaa390",
                "sha256:78e12972e144da47326958ac40c2bd1c1cca908edc8b01c26a36f9ffd3dce466",
                "sha256:790cbd3c8d09f3a6d9c47c4558841e25bac34eb7a0864a9def8f26be0b8706af",
                "sha256:79792c8fe8e9d06ebc50fe23266522c8c89f20aa94ac8e80472917ecdce1e5ba",
                "sha256:865afedf35aaef6df6344bee0de391ee5e99d6e802950a237f9fb9b13e441f91",
                "sha256:870fd401ec7b64a895cff8e206ee16569158db00254b2f7157b4c9a5db72c722",
                "sha256:963815c226b29b0176d5e3d37fc9de46e2778ce4636a5a7af11a48122ef2577c",
                "sha256:9726791484f08e394af0b59eb80489ad94d0a53bbb58ab1837dcad4d58489863",
                "sha256:9de84a71bb7979aa8c089c4fb0ea0e2ed3917df3fb2a287a41aaea54bbad7f5d",
                "sha256:b2c324ddc5d6dbd3f13680ad16a29425841876a84a1de23a984236d1afff4fa6",
                "sha256:b86ae13c597fca087cb8c193870507c8916cefb21e52e1897da320b5a35075e5",
                "sha256:ba0488d4dbba2af5bf9596b849873102d612e49a118c512d9d302ceafa36e01a",
                "sha256:d78702af4102a3a4e23bb7372cec283e78f32f5573d92091aa6aaba870370fe1",
                "sha256:def0e5d681dd3eb562b059d355ae8bebe27f5cc455ab7c2b6655586b63d3a8ea",
                "sha256:e085d1babcb419bbe58e2e805ac61924dac4ca45a07c9fa081144739e500aa3c",
                "sha256:e2cfcbab37c082a5087aba5ff00209999053260441caadd4f0e8f4c2d6b72088",
                "sha256:e742f1f5dcaf222e8471c37ee3d1fd561568a16bb52e031c25674ff1cf9702d5",
                "sha256:f06819b028b8ef9010281e74c59cb35483933583043091ed6b261bb1540f11cc",
                "sha256:f15f2d60a11c306de7700ee9f65df7e9e463848dbea9c8051e293b704038da60",
                "sha256:f31338ee269d201abe76083a990905473987371ff6f3fdb76a3f9073a361cf37",
                "sha256:f6b88c8d302c3dac8dff7766955e38d670c82e0d79edfc7eae47d6bb2c186594"
            ],
            "version": "==1.2.1"
        },
        "send2trash": {
            "hashes": [
                "sha256:60001cc07d707fe247c94f74ca6ac0d3255aabcb930529690897ca2a39db28b2",
                "sha256:f1691922577b6fa12821234aeb57599d887c4900b9ca537948d2dac34aea888b"
            ],
            "version": "==1.5.0"
        },
        "six": {
            "hashes": [
                "sha256:3350809f0555b11f552448330d0b52d5f24c91a322ea4a15ef22629740f3761c",
                "sha256:d16a0141ec1a18405cd4ce8b4613101da75da0e9a7aec5bdd4fa804d0e0eba73"
            ],
            "version": "==1.12.0"
        },
        "smart-open": {
            "hashes": [
                "sha256:a52206bb69c38c5f08709ec2ee5704b0f86fc0a770935b5dad9b5841bfd5f502"
            ],
            "version": "==1.8.0"
        },
        "spacy": {
            "hashes": [
                "sha256:0d3a985f79ca9b2966660cd9d0b880f7a998eaa8cd14ecd207a42ca5a4401703",
                "sha256:123f3b70afa16516ffe458cd8718793e4aab8ab10085a9d0dc121076746dcb57",
                "sha256:1dac9b9e054812cc0f846d5a4ce01f8758b0c1d6807327fb81a30f5685035a89",
                "sha256:3515ab4143f7503eada723b2b4b2f851c780ad3aa9f665e7d2355cae3d5070e5",
                "sha256:42f4578370b988a1e142bf84e596e2a370b75be6357202225b1d9cf33c5de4e0",
                "sha256:5bb0cc71485d6b4a7678b6bc738c545599ba555413adad557b433338093bdd36",
                "sha256:6cded7c8c5f83d225e6d7e8fa1d30180727d265d27fccdd31bbc4e340f2eb78b",
                "sha256:799d74e4035ca8644afbe06312f3a399331acc9f4e81a7de8a9166fe267863b1",
                "sha256:83ed5708e24228a629478407c473c0347a7cfbea9fd7999bb5d9dbae44f5008e",
                "sha256:881141bf6ab12fba8d782095b07514e6bf1094e37f0380977e3750d138f3d236",
                "sha256:896fb7d01c0e07dbde401119cddb2e0df2127f79dceb9596c09f37f5e9f3af74",
                "sha256:aa7e91251e420baea2685d06f45c53c5d4a1dbf6a965e6cd75ce3cd8b23a2c66",
                "sha256:afe43c38e7f1fd636b1a561c69c8654043a73d0a36fc61e6d51f32dca6b4514e",
                "sha256:fbaba13090b05576c7fd507afceb571a6af92911973e6bd3eee1f99b8cbbccc1"
            ],
            "index": "pypi",
            "version": "==2.0.18"
        },
        "terminado": {
            "hashes": [
                "sha256:55abf9ade563b8f9be1f34e4233c7b7bde726059947a593322e8a553cc4c067a",
                "sha256:65011551baff97f5414c67018e908110693143cfbaeb16831b743fe7cad8b927"
            ],
            "version": "==0.8.1"
        },
        "testpath": {
            "hashes": [
                "sha256:46c89ebb683f473ffe2aab0ed9f12581d4d078308a3cb3765d79c6b2317b0109",
                "sha256:b694b3d9288dbd81685c5d2e7140b81365d46c29f5db4bc659de5aa6b98780f8"
            ],
            "version": "==0.4.2"
        },
        "thinc": {
            "hashes": [
                "sha256:07394fc067b6ff361b56fe4bdd310fa4b991d3783cc2bc7c201d30f594818182",
                "sha256:1f957eed3cfa5fc42cc454d2a954f0ec00561286ad1b219164096efa813dc8d7",
                "sha256:2760e3a79af4e2116b28961a6a4331bf9e547ad7c4f06051c045a70c829096c3",
                "sha256:2ff44ce3d118536b26dd1ad147916392cc88f8619757174dafaaea98141f4e2e",
                "sha256:32dda224e0f0f331b2be87e503f5d3ea5be7095f9c63377e4a33d0dc33601318",
                "sha256:4be66c2b49c2a6ffeef2c5dc199122faf9af64afeade1dfdc8595fd029af2210",
                "sha256:77b601a63f5881f7d3b05ba0f24861384b856f3879bb13341b0d8f7e8fc05eb8",
                "sha256:90c59454efd7b7a54e68bdc129f411bb27661080b9eba2e2b07e68d6c74277ce",
                "sha256:ab999d890c791b90c5f2f0554a542b6ccb1eba4597479c1f377c052e8481f3f0",
                "sha256:ca80b5625df23155d69786fde0912c1a4c7337a2e6f1373c8c9b0e90535986c5",
                "sha256:e27979b6209a1ae1de53b3b554e3db175730e485799fa43e24e4bdcae850c684",
                "sha256:f2aead4c354052989ac2462d24fd98e43ebe7421282faa2a0f0c44fedac50d23"
            ],
            "version": "==6.12.1"
        },
        "toolz": {
            "hashes": [
                "sha256:929f0a7ea7f61c178bd951bdae93920515d3fbdbafc8e6caf82d752b9b3b31c9"
            ],
            "version": "==0.9.0"
        },
        "tornado": {
            "hashes": [
                "sha256:0662d28b1ca9f67108c7e3b77afabfb9c7e87bde174fbda78186ecedc2499a9d",
                "sha256:4e5158d97583502a7e2739951553cbd88a72076f152b4b11b64b9a10c4c49409",
                "sha256:732e836008c708de2e89a31cb2fa6c0e5a70cb60492bee6f1ea1047500feaf7f",
                "sha256:8154ec22c450df4e06b35f131adc4f2f3a12ec85981a203301d310abf580500f",
                "sha256:8e9d728c4579682e837c92fdd98036bd5cdefa1da2aaf6acf26947e6dd0c01c5",
                "sha256:d4b3e5329f572f055b587efc57d29bd051589fb5a43ec8898c77a47ec2fa2bbb",
                "sha256:e5f2585afccbff22390cddac29849df463b252b711aa2ce7c5f3f342a5b3b444"
            ],
            "version": "==5.1.1"
        },
        "tqdm": {
            "hashes": [
                "sha256:d385c95361699e5cf7622485d9b9eae2d4864b21cd5a2374a9c381ffed701021",
                "sha256:e22977e3ebe961f72362f6ddfb9197cc531c9737aaf5f607ef09740c849ecd05"
            ],
            "version": "==4.31.1"
        },
        "traitlets": {
            "hashes": [
                "sha256:9c4bd2d267b7153df9152698efb1050a5d84982d3384a37b2c1f7723ba3e7835",
                "sha256:c6cb5e6f57c5a9bdaa40fa71ce7b4af30298fbab9ece9815b5d995ab6217c7d9"
            ],
            "version": "==4.3.2"
        },
        "ujson": {
            "hashes": [
                "sha256:f66073e5506e91d204ab0c614a148d5aa938bdbf104751be66f8ad7a222f5f86"
            ],
            "version": "==1.35"
        },
        "urllib3": {
            "hashes": [
                "sha256:61bf29cada3fc2fbefad4fdf059ea4bd1b4a86d2b6d15e1c7c0b582b9752fe39",
                "sha256:de9529817c93f27c8ccbfead6985011db27bd0ddfcdb2d86f3f663385c6a9c22"
            ],
            "markers": "python_version >= '3.4'",
            "version": "==1.24.1"
        },
        "wcwidth": {
            "hashes": [
                "sha256:3df37372226d6e63e1b1e1eda15c594bca98a22d33a23832a90998faa96bc65e",
                "sha256:f4ebe71925af7b40a864553f761ed559b43544f8f71746c2d756c7fe788ade7c"
            ],
            "version": "==0.1.7"
        },
        "webencodings": {
            "hashes": [
                "sha256:a0af1213f3c2226497a97e2b3aa01a7e4bee4f403f95be16fc9acd2947514a78",
                "sha256:b36a1c245f2d304965eb4e0a82848379241dc04b865afcc4aab16748587e1923"
            ],
            "version": "==0.5.1"
        },
        "widgetsnbextension": {
            "hashes": [
                "sha256:14b2c65f9940c9a7d3b70adbe713dbd38b5ec69724eebaba034d1036cf3d4740",
                "sha256:fa618be8435447a017fd1bf2c7ae922d0428056cfc7449f7a8641edf76b48265"
            ],
            "version": "==3.4.2"
        },
        "wrapt": {
            "hashes": [
                "sha256:d4d560d479f2c21e1b5443bbd15fe7ec4b37fe7e53d335d3b9b0a7b1226fe3c6"
            ],
            "version": "==1.10.11"
        }
    },
    "develop": {}
}
